
Microsoft Visual Studio Solution File, Format Version 12.00
# Visual Studio for Mac
Project("{FAE04EC0-301F-11D3-BF4B-00C04F79EFBC}") = "Unity-socket-client-masterclass.Plugins", "Unity-socket-client-masterclass.Plugins.csproj", "{8545D431-BC48-05C0-8E1A-3CD6E3E4F8C7}"
EndProject
Project("{FAE04EC0-301F-11D3-BF4B-00C04F79EFBC}") = "Unity-socket-client-masterclass", "Unity-socket-client-masterclass.csproj", "{A3A4A1BF-F866-AB17-4D9D-52C2FEDE8791}"
EndProject
Global
	GlobalSection(SolutionConfigurationPlatforms) = preSolution
		Debug|Any CPU = Debug|Any CPU
		Release|Any CPU = Release|Any CPU
	EndGlobalSection
	GlobalSection(ProjectConfigurationPlatforms) = postSolution
		{8545D431-BC48-05C0-8E1A-3CD6E3E4F8C7}.Debug|Any CPU.ActiveCfg = Debug|Any CPU
		{8545D431-BC48-05C0-8E1A-3CD6E3E4F8C7}.Debug|Any CPU.Build.0 = Debug|Any CPU
		{8545D431-BC48-05C0-8E1A-3CD6E3E4F8C7}.Release|Any CPU.ActiveCfg = Release|Any CPU
		{8545D431-BC48-05C0-8E1A-3CD6E3E4F8C7}.Release|Any CPU.Build.0 = Release|Any CPU
		{A3A4A1BF-F866-AB17-4D9D-52C2FEDE8791}.Debug|Any CPU.ActiveCfg = Debug|Any CPU
		{A3A4A1BF-F866-AB17-4D9D-52C2FEDE8791}.Debug|Any CPU.Build.0 = Debug|Any CPU
		{A3A4A1BF-F866-AB17-4D9D-52C2FEDE8791}.Release|Any CPU.ActiveCfg = Release|Any CPU
		{A3A4A1BF-F866-AB17-4D9D-52C2FEDE8791}.Release|Any CPU.Build.0 = Release|Any CPU
	EndGlobalSection
	GlobalSection(SolutionProperties) = preSolution
		HideSolutionNode = FALSE
	EndGlobalSection
EndGlobal
